// !$*UTF8*$!
{
	archiveVersion = 1;
	classes = {
	};
	objectVersion = 46;
	objects = {

/* Begin PBXBuildFile section */
		D2DD9DD81DEF52CB00235B13 /* AppDelegate.swift in Sources */ = {isa = PBXBuildFile; fileRef = D2DD9DD71DEF52CB00235B13 /* AppDelegate.swift */; };
		D2DD9DDA1DEF52CB00235B13 /* ViewController.swift in Sources */ = {isa = PBXBuildFile; fileRef = D2DD9DD91DEF52CB00235B13 /* ViewController.swift */; };
		D2DD9DDD1DEF52CB00235B13 /* Main.storyboard in Resources */ = {isa = PBXBuildFile; fileRef = D2DD9DDB1DEF52CB00235B13 /* Main.storyboard */; };
		D2DD9DDF1DEF52CB00235B13 /* Assets.xcassets in Resources */ = {isa = PBXBuildFile; fileRef = D2DD9DDE1DEF52CB00235B13 /* Assets.xcassets */; };
		D2DD9DE21DEF52CB00235B13 /* LaunchScreen.storyboard in Resources */ = {isa = PBXBuildFile; fileRef = D2DD9DE01DEF52CB00235B13 /* LaunchScreen.storyboard */; };
		D2DD9DEA1DEF531400235B13 /* Nominatim.swift in Sources */ = {isa = PBXBuildFile; fileRef = D2DD9DE91DEF531400235B13 /* Nominatim.swift */; };
/* End PBXBuildFile section */

/* Begin PBXFileReference section */
		D2DD9DD41DEF52CB00235B13 /* NominationSwift.app */ = {isa = PBXFileReference; explicitFileType = wrapper.application; includeInIndex = 0; path = NominationSwift.app; sourceTree = BUILT_PRODUCTS_DIR; };
		D2DD9DD71DEF52CB00235B13 /* AppDelegate.swift */ = {isa = PBXFileReference; lastKnownFileType = sourcecode.swift; path = AppDelegate.swift; sourceTree = "<group>"; };
		D2DD9DD91DEF52CB00235B13 /* ViewController.swift */ = {isa = PBXFileReference; lastKnownFileType = sourcecode.swift; path = ViewController.swift; sourceTree = "<group>"; };
		D2DD9DDC1DEF52CB00235B13 /* Base */ = {isa = PBXFileReference; lastKnownFileType = file.storyboard; name = Base; path = Base.lproj/Main.storyboard; sourceTree = "<group>"; };
		D2DD9DDE1DEF52CB00235B13 /* Assets.xcassets */ = {isa = PBXFileReference; lastKnownFileType = folder.assetcatalog; path = Assets.xcassets; sourceTree = "<group>"; };
		D2DD9DE11DEF52CB00235B13 /* Base */ = {isa = PBXFileReference; lastKnownFileType = file.storyboard; name = Base; path = Base.lproj/LaunchScreen.storyboard; sourceTree = "<group>"; };
		D2DD9DE31DEF52CB00235B13 /* Info.plist */ = {isa = PBXFileReference; lastKnownFileType = text.plist.xml; path = Info.plist; sourceTree = "<group>"; };
		D2DD9DE91DEF531400235B13 /* Nominatim.swift */ = {isa = PBXFileReference; fileEncoding = 4; lastKnownFileType = sourcecode.swift; path = Nominatim.swift; sourceTree = "<group>"; };
/* End PBXFileReference section */

/* Begin PBXFrameworksBuildPhase section */
		D2DD9DD11DEF52CB00235B13 /* Frameworks */ = {
			isa = PBXFrameworksBuildPhase;
			buildActionMask = 2147483647;
			files = (
			);
			runOnlyForDeploymentPostprocessing = 0;
		};
/* End PBXFrameworksBuildPhase section */

/* Begin PBXGroup section */
		D2DD9DCB1DEF52CB00235B13 = {
			isa = PBXGroup;
			children = (
				D2DD9DD61DEF52CB00235B13 /* NominationSwift */,
				D2DD9DD51DEF52CB00235B13 /* Products */,
			);
			sourceTree = "<group>";
		};
		D2DD9DD51DEF52CB00235B13 /* Products */ = {
			isa = PBXGroup;
			children = (
				D2DD9DD41DEF52CB00235B13 /* NominationSwift.app */,
			);
			name = Products;
			sourceTree = "<group>";
		};
		D2DD9DD61DEF52CB00235B13 /* NominationSwift */ = {
			isa = PBXGroup;
			children = (
				D2DD9DD71DEF52CB00235B13 /* AppDelegate.swift */,
				D2DD9DD91DEF52CB00235B13 /* ViewController.swift */,
				D2DD9DE91DEF531400235B13 /* Nominatim.swift */,
				D2DD9DDB1DEF52CB00235B13 /* Main.storyboard */,
				D2DD9DDE1DEF52CB00235B13 /* Assets.xcassets */,
				D2DD9DE01DEF52CB00235B13 /* LaunchScreen.storyboard */,
				D2DD9DE31DEF52CB00235B13 /* Info.plist */,
			);
			path = NominationSwift;
			sourceTree = "<group>";
		};
/* End PBXGroup section */

/* Begin PBXNativeTarget section */
		D2DD9DD31DEF52CB00235B13 /* NominationSwift */ = {
			isa = PBXNativeTarget;
			buildConfigurationList = D2DD9DE61DEF52CB00235B13 /* Build configuration list for PBXNativeTarget "NominationSwift" */;
			buildPhases = (
				D2DD9DD01DEF52CB00235B13 /* Sources */,
				D2DD9DD11DEF52CB00235B13 /* Frameworks */,
				D2DD9DD21DEF52CB00235B13 /* Resources */,
			);
			buildRules = (
			);
			dependencies = (
			);
			name = NominationSwift;
			productName = NominationSwift;
			productReference = D2DD9DD41DEF52CB00235B13 /* NominationSwift.app */;
			productType = "com.apple.product-type.application";
		};
/* End PBXNativeTarget section */

/* Begin PBXProject section */
		D2DD9DCC1DEF52CB00235B13 /* Project object */ = {
			isa = PBXProject;
			attributes = {
				LastSwiftUpdateCheck = 0810;
				LastUpgradeCheck = 0810;
				ORGANIZATIONNAME = Josef;
				TargetAttributes = {
					D2DD9DD31DEF52CB00235B13 = {
						CreatedOnToolsVersion = 8.1;
						DevelopmentTeam = 628QUGH5RF;
						ProvisioningStyle = Automatic;
					};
				};
			};
			buildConfigurationList = D2DD9DCF1DEF52CB00235B13 /* Build configuration list for PBXProject "NominationSwift" */;
			compatibilityVersion = "Xcode 3.2";
			developmentRegion = English;
			hasScannedForEncodings = 0;
			knownRegions = (
				en,
				Base,
			);
			mainGroup = D2DD9DCB1DEF52CB00235B13;
			productRefGroup = D2DD9DD51DEF52CB00235B13 /* Products */;
			projectDirPath = "";
			projectRoot = "";
			targets = (
				D2DD9DD31DEF52CB00235B13 /* NominationSwift */,
			);
		};
/* End PBXProject section */

/* Begin PBXResourcesBuildPhase section */
		D2DD9DD21DEF52CB00235B13 /* Resources */ = {
			isa = PBXResourcesBuildPhase;
			buildActionMask = 2147483647;
			files = (
				D2DD9DE21DEF52CB00235B13 /* LaunchScreen.storyboard in Resources */,
				D2DD9DDF1DEF52CB00235B13 /* Assets.xcassets in Resources */,
				D2DD9DDD1DEF52CB00235B13 /* Main.storyboard in Resources */,
			);
			runOnlyForDeploymentPostprocessing = 0;
		};
/* End PBXResourcesBuildPhase section */

/* Begin PBXSourcesBuildPhase section */
		D2DD9DD01DEF52CB00235B13 /* Sources */ = {
			isa = PBXSourcesBuildPhase;
			buildActionMask = 2147483647;
			files = (
				D2DD9DEA1DEF531400235B13 /* Nominatim.swift in Sources */,
				D2DD9DDA1DEF52CB00235B13 /* ViewController.swift in Sources */,
				D2DD9DD81DEF52CB00235B13 /* AppDelegate.swift in Sources */,
			);
			runOnlyForDeploymentPostprocessing = 0;
		};
/* End PBXSourcesBuildPhase section */

/* Begin PBXVariantGroup section */
		D2DD9DDB1DEF52CB00235B13 /* Main.storyboard */ = {
			isa = PBXVariantGroup;
			children = (
				D2DD9DDC1DEF52CB00235B13 /* Base */,
			);
			name = Main.storyboard;
			sourceTree = "<group>";
		};
		D2DD9DE01DEF52CB00235B13 /* LaunchScreen.storyboard */ = {
			isa = PBXVariantGroup;
			children = (
				D2DD9DE11DEF52CB00235B13 /* Base */,
			);
			name = LaunchScreen.storyboard;
			sourceTree = "<group>";
		};
/* End PBXVariantGroup section */

/* Begin XCBuildConfiguration section */
		D2DD9DE41DEF52CB00235B13 /* Debug */ = {
			isa = XCBuildConfiguration;
			buildSettings = {
				ALWAYS_SEARCH_USER_PATHS = NO;
				CLANG_ANALYZER_NONNULL = YES;
				CLANG_CXX_LANGUAGE_STANDARD = "gnu++0x";
				CLANG_CXX_LIBRARY = "libc++";
				CLANG_ENABLE_MODULES = YES;
				CLANG_ENABLE_OBJC_ARC = YES;
				CLANG_WARN_BOOL_CONVERSION = YES;
				CLANG_WARN_CONSTANT_CONVERSION = YES;
				CLANG_WARN_DIRECT_OBJC_ISA_USAGE = YES_ERROR;
				CLANG_WARN_DOCUMENTATION_COMMENTS = YES;
				CLANG_WARN_EMPTY_BODY = YES;
				CLANG_WARN_ENUM_CONVERSION = YES;
				CLANG_WARN_INFINITE_RECURSION = YES;
				CLANG_WARN_INT_CONVERSION = YES;
				CLANG_WARN_OBJC_ROOT_CLASS = YES_ERROR;
				CLANG_WARN_SUSPICIOUS_MOVES = YES;
				CLANG_WARN_UNREACHABLE_CODE = YES;
				CLANG_WARN__DUPLICATE_METHOD_MATCH = YES;
				"CODE_SIGN_IDENTITY[sdk=iphoneos*]" = "iPhone Developer";
				COPY_PHASE_STRIP = NO;
				DEBUG_INFORMATION_FORMAT = dwarf;
				ENABLE_STRICT_OBJC_MSGSEND = YES;
				ENABLE_TESTABILITY = YES;
				GCC_C_LANGUAGE_STANDARD = gnu99;
				GCC_DYNAMIC_NO_PIC = NO;
				GCC_NO_COMMON_BLOCKS = YES;
				GCC_OPTIMIZATION_LEVEL = 0;
				GCC_PREPROCESSOR_DEFINITIONS = (
					"DEBUG=1",
					"$(inherited)",
				);
				GCC_WARN_64_TO_32_BIT_CONVERSION = YES;
				GCC_WARN_ABOUT_RETURN_TYPE = YES_ERROR;
				GCC_WARN_UNDECLARED_SELECTOR = YES;
				GCC_WARN_UNINITIALIZED_AUTOS = YES_AGGRESSIVE;
				GCC_WARN_UNUSED_FUNCTION = YES;
				GCC_WARN_UNUSED_VARIABLE = YES;
				IPHONEOS_DEPLOYMENT_TARGET = 10.1;
				MTL_ENABLE_DEBUG_INFO = YES;
				ONLY_ACTIVE_ARCH = YES;
				SDKROOT = iphoneos;
				SWIFT_ACTIVE_COMPILATION_CONDITIONS = DEBUG;
				SWIFT_OPTIMIZATION_LEVEL = "-Onone";
			};
			name = Debug;
		};
		D2DD9DE51DEF52CB00235B13 /* Release */ = {
			isa = XCBuildConfiguration;
			buildSettings = {
				ALWAYS_SEARCH_USER_PATHS = NO;
				CLANG_ANALYZER_NONNULL = YES;
				CLANG_CXX_LANGUAGE_STANDARD = "gnu++0x";
				CLANG_CXX_LIBRARY = "libc++";
				CLANG_ENABLE_MODULES = YES;
				CLANG_ENABLE_OBJC_ARC = YES;
				CLANG_WARN_BOOL_CONVERSION = YES;
				CLANG_WARN_CONSTANT_CONVERSION = YES;
				CLANG_WARN_DIRECT_OBJC_ISA_USAGE = YES_ERROR;
				CLANG_WARN_DOCUMENTATION_COMMENTS = YES;
				CLANG_WARN_EMPTY_BODY = YES;
				CLANG_WARN_ENUM_CONVERSION = YES;
				CLANG_WARN_INFINITE_RECURSION = YES;
				CLANG_WARN_INT_CONVERSION = YES;
				CLANG_WARN_OBJC_ROOT_CLASS = YES_ERROR;
				CLANG_WARN_SUSPICIOUS_MOVES = YES;
				CLANG_WARN_UNREACHABLE_CODE = YES;
				CLANG_WARN__DUPLICATE_METHOD_MATCH = YES;
				"CODE_SIGN_IDENTITY[sdk=iphoneos*]" = "iPhone Developer";
				COPY_PHASE_STRIP = NO;
				DEBUG_INFORMATION_FORMAT = "dwarf-with-dsym";
				ENABLE_NS_ASSERTIONS = NO;
				ENABLE_STRICT_OBJC_MSGSEND = YES;
				GCC_C_LANGUAGE_STANDARD = gnu99;
				GCC_NO_COMMON_BLOCKS = YES;
				GCC_WARN_64_TO_32_BIT_CONVERSION = YES;
				GCC_WARN_ABOUT_RETURN_TYPE = YES_ERROR;
				GCC_WARN_UNDECLARED_SELECTOR = YES;
				GCC_WARN_UNINITIALIZED_AUTOS = YES_AGGRESSIVE;
				GCC_WARN_UNUSED_FUNCTION = YES;
				GCC_WARN_UNUSED_VARIABLE = YES;
				IPHONEOS_DEPLOYMENT_TARGET = 10.1;
				MTL_ENABLE_DEBUG_INFO = NO;
				SDKROOT = iphoneos;
				SWIFT_OPTIMIZATION_LEVEL = "-Owholemodule";
				VALIDATE_PRODUCT = YES;
			};
			name = Release;
		};
		D2DD9DE71DEF52CB00235B13 /* Debug */ = {
			isa = XCBuildConfiguration;
			buildSettings = {
				ASSETCATALOG_COMPILER_APPICON_NAME = AppIcon;
				DEVELOPMENT_TEAM = 628QUGH5RF;
				INFOPLIST_FILE = NominationSwift/Info.plist;
				LD_RUNPATH_SEARCH_PATHS = "$(inherited) @executable_path/Frameworks";
				PRODUCT_BUNDLE_IDENTIFIER = com.swiftware.NominationSwift;
				PRODUCT_NAME = "$(TARGET_NAME)";
				SWIFT_VERSION = 3.0;
			};
			name = Debug;
		};
		D2DD9DE81DEF52CB00235B13 /* Release */ = {
			isa = XCBuildConfiguration;
			buildSettings = {
				ASSETCATALOG_COMPILER_APPICON_NAME = AppIcon;
				DEVELOPMENT_TEAM = 628QUGH5RF;
				INFOPLIST_FILE = NominationSwift/Info.plist;
				LD_RUNPATH_SEARCH_PATHS = "$(inherited) @executable_path/Frameworks";
				PRODUCT_BUNDLE_IDENTIFIER = com.swiftware.NominationSwift;
				PRODUCT_NAME = "$(TARGET_NAME)";
				SWIFT_VERSION = 3.0;
			};
			name = Release;
		};
/* End XCBuildConfiguration section */

/* Begin XCConfigurationList section */
		D2DD9DCF1DEF52CB00235B13 /* Build configuration list for PBXProject "NominationSwift" */ = {
			isa = XCConfigurationList;
			buildConfigurations = (
				D2DD9DE41DEF52CB00235B13 /* Debug */,
				D2DD9DE51DEF52CB00235B13 /* Release */,
			);
			defaultConfigurationIsVisible = 0;
			defaultConfigurationName = Release;
		};
		D2DD9DE61DEF52CB00235B13 /* Build configuration list for PBXNativeTarget "NominationSwift" */ = {
			isa = XCConfigurationList;
			buildConfigurations = (
				D2DD9DE71DEF52CB00235B13 /* Debug */,
				D2DD9DE81DEF52CB00235B13 /* Release */,
			);
			defaultConfigurationIsVisible = 0;
			defaultConfigurationName = Release;
		};
/* End XCConfigurationList section */
	};
	rootObject = D2DD9DCC1DEF52CB00235B13 /* Project object */;
}
